<?xml version="1.0" encoding="utf-8"?>
<Project ToolsVersion="4.0" xmlns="http://schemas.microsoft.com/developer/msbuild/2003">
  <ItemGroup>
    <Filter Include="Source Files">
      <UniqueIdentifier>{4FC737F1-C7A5-4376-A066-2A32D752A2FF}</UniqueIdentifier>
      <Extensions>cpp;c;cc;cxx;c++;cppm;ixx;def;odl;idl;hpj;bat;asm;asmx</Extensions>
    </Filter>
    <Filter Include="Header Files">
      <UniqueIdentifier>{93995380-89BD-4b04-88EB-625FBE52EBFB}</UniqueIdentifier>
      <Extensions>h;hh;hpp;hxx;h++;hm;inl;inc;ipp;xsd</Extensions>
    </Filter>
    <Filter Include="Resource Files">
      <UniqueIdentifier>{67DA6AB6-F800-4c08-8B7A-83BB121AAD01}</UniqueIdentifier>
      <Extensions>rc;ico;cur;bmp;dlg;rc2;rct;bin;rgs;gif;jpg;jpeg;jpe;resx;tiff;tif;png;wav;mfcribbon-ms</Extensions>
    </Filter>
  </ItemGroup>
  <ItemGroup>
    <ClCompile Include="Source.cpp">
      <Filter>Source Files</Filter>
    </ClCompile>
    <ClCompile Include="Phonebook.cpp">
      <Filter>Source Files</Filter>
    </ClCompile>
    <ClCompile Include="Call.cpp">
      <Filter>Source Files</Filter>
    </ClCompile>
    <ClCompile Include="CallDecoder.cpp">
      <Filter>Source Files</Filter>
    </ClCompile>
    <ClCompile Include="DataControl.cpp">
      <Filter>Source Files</Filter>
    </ClCompile>
    <ClCompile Include="PhonebookMainDecoder.cpp">
      <Filter>Source Files</Filter>
    </ClCompile>
    <ClCompile Include="PhonebookDetailsDecoder.cpp">
      <Filter>Source Files</Filter>
    </ClCompile>
    <ClCompile Include="Manager.cpp">
      <Filter>Source Files</Filter>
    </ClCompile>
    <ClCompile Include="DataExtraction.cpp">
      <Filter>Source Files</Filter>
    </ClCompile>
    <ClCompile Include="SanitizeManager.cpp">
      <Filter>Source Files</Filter>
    </ClCompile>
    <ClCompile Include="CallDataExtraction.cpp">
      <Filter>Source Files</Filter>
    </ClCompile>
    <ClCompile Include="PhonebookMainDataExtraction.cpp">
      <Filter>Source Files</Filter>
    </ClCompile>
    <ClCompile Include="PhonebookDetailsDataExtraction.cpp">
      <Filter>Source Files</Filter>
    </ClCompile>
  </ItemGroup>
  <ItemGroup>
    <None Include="Resources\Calls.bin">
      <Filter>Resource Files</Filter>
    </None>
    <None Include="Resources\Phonebook_Details.bin">
      <Filter>Resource Files</Filter>
    </None>
    <None Include="Resources\Phonebook_Main.bin">
      <Filter>Resource Files</Filter>
    </None>
  </ItemGroup>
  <ItemGroup>
    <ClInclude Include="Phonebook.h">
      <Filter>Header Files</Filter>
    </ClInclude>
    <ClInclude Include="Manager.h">
      <Filter>Header Files</Filter>
    </ClInclude>
    <ClInclude Include="Call.h">
      <Filter>Header Files</Filter>
    </ClInclude>
    <ClInclude Include="CallDecoder.h">
      <Filter>Header Files</Filter>
    </ClInclude>
    <ClInclude Include="DataControl.h">
      <Filter>Header Files</Filter>
    </ClInclude>
    <ClInclude Include="PhonebookMainDecoder.h">
      <Filter>Header Files</Filter>
    </ClInclude>
    <ClInclude Include="PhonebookDetailsDecoder.h">
      <Filter>Header Files</Filter>
    </ClInclude>
    <ClInclude Include="IData.h">
      <Filter>Header Files</Filter>
    </ClInclude>
    <ClInclude Include="IDataExtraction.h">
      <Filter>Header Files</Filter>
    </ClInclude>
    <ClInclude Include="DataExtraction.h">
      <Filter>Header Files</Filter>
    </ClInclude>
    <ClInclude Include="SanitizeManager.h">
      <Filter>Header Files</Filter>
    </ClInclude>
    <ClInclude Include="CallDataExtraction.h">
      <Filter>Header Files</Filter>
    </ClInclude>
    <ClInclude Include="PhonebookMainDataExtraction.h">
      <Filter>Header Files</Filter>
    </ClInclude>
    <ClInclude Include="PhonebookDetailsDataExtraction.h">
      <Filter>Header Files</Filter>
    </ClInclude>
    <ClInclude Include="Constants.h">
      <Filter>Header Files</Filter>
    </ClInclude>
    <ClInclude Include="Enums.h">
      <Filter>Header Files</Filter>
    </ClInclude>
  </ItemGroup>
</Project>